<?xml version="1.0" encoding="utf-8"?>
<Project ToolsVersion="4.0" xmlns="http://schemas.microsoft.com/developer/msbuild/2003">
  <ItemGroup>
    <Filter Include="ソース ファイル">
      <UniqueIdentifier>{4FC737F1-C7A5-4376-A066-2A32D752A2FF}</UniqueIdentifier>
      <Extensions>cpp;c;cc;cxx;def;odl;idl;hpj;bat;asm;asmx</Extensions>
    </Filter>
    <Filter Include="ヘッダー ファイル">
      <UniqueIdentifier>{93995380-89BD-4b04-88EB-625FBE52EBFB}</UniqueIdentifier>
      <Extensions>h;hh;hpp;hxx;hm;inl;inc;ipp;xsd</Extensions>
    </Filter>
    <Filter Include="リソース ファイル">
      <UniqueIdentifier>{67DA6AB6-F800-4c08-8B7A-83BB121AAD01}</UniqueIdentifier>
      <Extensions>rc;ico;cur;bmp;dlg;rc2;rct;bin;rgs;gif;jpg;jpeg;jpe;resx;tiff;tif;png;wav;mfcribbon-ms</Extensions>
    </Filter>
    <Filter Include="ソース ファイル\System">
      <UniqueIdentifier>{093a80a4-1df0-49f0-85ec-7542e1cc47f2}</UniqueIdentifier>
    </Filter>
    <Filter Include="ヘッダー ファイル\System">
      <UniqueIdentifier>{71eb16aa-9f11-470d-a0ac-2b962a2286e2}</UniqueIdentifier>
    </Filter>
    <Filter Include="ソース ファイル\Objects">
      <UniqueIdentifier>{39eae8e9-4d10-40d4-b49f-a76774cfeab2}</UniqueIdentifier>
    </Filter>
    <Filter Include="ソース ファイル\Objects\Model">
      <UniqueIdentifier>{d93ab9ce-b774-4f3b-8f72-2d7f227eac1c}</UniqueIdentifier>
    </Filter>
    <Filter Include="ヘッダー ファイル\Objects">
      <UniqueIdentifier>{7b218495-b040-417e-af70-298215efc2a7}</UniqueIdentifier>
    </Filter>
    <Filter Include="ヘッダー ファイル\Objects\Model">
      <UniqueIdentifier>{a0ba9d8c-6fac-403e-ab43-6e307db8746b}</UniqueIdentifier>
    </Filter>
  </ItemGroup>
  <ItemGroup>
    <ClCompile Include="Sources\System\DeviceManager.cpp">
      <Filter>ソース ファイル\System</Filter>
    </ClCompile>
    <ClCompile Include="Sources\System\Main.cpp">
      <Filter>ソース ファイル\System</Filter>
    </ClCompile>
    <ClCompile Include="Sources\Objects\Model\BaseModel.cpp">
      <Filter>ソース ファイル\Objects\Model</Filter>
    </ClCompile>
    <ClCompile Include="Sources\Objects\Model\FbxModel.cpp">
      <Filter>ソース ファイル\Objects\Model</Filter>
    </ClCompile>
    <ClCompile Include="Sources\Objects\Model\PolygonModel.cpp">
      <Filter>ソース ファイル\Objects\Model</Filter>
    </ClCompile>
  </ItemGroup>
  <ItemGroup>
    <ClInclude Include="Sources\System\DeviceManager.h">
      <Filter>ヘッダー ファイル\System</Filter>
    </ClInclude>
    <ClInclude Include="Sources\System\Resource.h">
      <Filter>ヘッダー ファイル\System</Filter>
    </ClInclude>
    <ClInclude Include="Sources\Objects\Model\BaseModel.h">
      <Filter>ヘッダー ファイル\Objects\Model</Filter>
    </ClInclude>
    <ClInclude Include="Sources\Objects\Model\FbxModel.h">
      <Filter>ヘッダー ファイル\Objects\Model</Filter>
    </ClInclude>
    <ClInclude Include="Sources\Objects\Model\PolygonModel.h">
      <Filter>ヘッダー ファイル\Objects\Model</Filter>
    </ClInclude>
  </ItemGroup>
</Project>