<?xml version="1.0" encoding="utf-8"?>
<Project ToolsVersion="4.0" xmlns="http://schemas.microsoft.com/developer/msbuild/2003">
  <ItemGroup>
    <Filter Include="ソース ファイル">
      <UniqueIdentifier>{4FC737F1-C7A5-4376-A066-2A32D752A2FF}</UniqueIdentifier>
      <Extensions>cpp;c;cc;cxx;def;odl;idl;hpj;bat;asm;asmx</Extensions>
    </Filter>
    <Filter Include="ヘッダー ファイル">
      <UniqueIdentifier>{93995380-89BD-4b04-88EB-625FBE52EBFB}</UniqueIdentifier>
      <Extensions>h;hh;hpp;hxx;hm;inl;inc;ipp;xsd</Extensions>
    </Filter>
    <Filter Include="リソース ファイル">
      <UniqueIdentifier>{67DA6AB6-F800-4c08-8B7A-83BB121AAD01}</UniqueIdentifier>
      <Extensions>rc;ico;cur;bmp;dlg;rc2;rct;bin;rgs;gif;jpg;jpeg;jpe;resx;tiff;tif;png;wav;mfcribbon-ms</Extensions>
    </Filter>
    <Filter Include="ソース ファイル\System">
      <UniqueIdentifier>{093a80a4-1df0-49f0-85ec-7542e1cc47f2}</UniqueIdentifier>
    </Filter>
    <Filter Include="ヘッダー ファイル\System">
      <UniqueIdentifier>{71eb16aa-9f11-470d-a0ac-2b962a2286e2}</UniqueIdentifier>
    </Filter>
    <Filter Include="ソース ファイル\Shader">
      <UniqueIdentifier>{861c3030-62df-4c99-9dee-b6cef1dc8480}</UniqueIdentifier>
    </Filter>
    <Filter Include="ヘッダー ファイル\Shader">
      <UniqueIdentifier>{419984f0-1d3c-48f4-b115-795508362eed}</UniqueIdentifier>
    </Filter>
    <Filter Include="ソース ファイル\Scenes">
      <UniqueIdentifier>{8968d01c-fa15-45d0-aa4d-a6f91042232d}</UniqueIdentifier>
    </Filter>
    <Filter Include="ヘッダー ファイル\Scenes">
      <UniqueIdentifier>{b09cb240-a18e-4ff7-98fe-1fc8582434fe}</UniqueIdentifier>
    </Filter>
    <Filter Include="ソース ファイル\Scenes\Title">
      <UniqueIdentifier>{eccde0cc-3f10-4493-b26c-a14c2ee86e77}</UniqueIdentifier>
    </Filter>
    <Filter Include="ソース ファイル\Scenes\Select">
      <UniqueIdentifier>{69a69ae4-1974-4cf5-ada7-27d25e3919f6}</UniqueIdentifier>
    </Filter>
    <Filter Include="ソース ファイル\Scenes\Battle">
      <UniqueIdentifier>{d613b07c-754c-4b37-8944-8fcad37f8f32}</UniqueIdentifier>
    </Filter>
    <Filter Include="ソース ファイル\Scenes\Clear">
      <UniqueIdentifier>{2b318bb8-27b5-4cd7-9989-43c2c7d4c2d3}</UniqueIdentifier>
    </Filter>
    <Filter Include="ヘッダー ファイル\Scenes\Title">
      <UniqueIdentifier>{ff6a3275-abe4-490d-b773-517d4d824e59}</UniqueIdentifier>
    </Filter>
    <Filter Include="ヘッダー ファイル\Scenes\Select">
      <UniqueIdentifier>{24dd00e3-abb3-4e6d-8122-63c9929119ac}</UniqueIdentifier>
    </Filter>
    <Filter Include="ヘッダー ファイル\Scenes\Battle">
      <UniqueIdentifier>{7b2cd87a-79db-492b-a236-8b4f03d3e7f7}</UniqueIdentifier>
    </Filter>
    <Filter Include="ヘッダー ファイル\Scenes\Clear">
      <UniqueIdentifier>{aae1dc80-f0ef-4a6d-9697-036d4ad1dfd9}</UniqueIdentifier>
    </Filter>
    <Filter Include="ソース ファイル\Scenes\Battle\Player">
      <UniqueIdentifier>{d97fd8c2-f8a7-4698-a417-0fcb6a4cee2c}</UniqueIdentifier>
    </Filter>
    <Filter Include="ヘッダー ファイル\Scenes\Battle\Player">
      <UniqueIdentifier>{fe77bd27-7172-41b3-a0f2-c0324c6b894e}</UniqueIdentifier>
    </Filter>
    <Filter Include="ソース ファイル\Polygon">
      <UniqueIdentifier>{39eae8e9-4d10-40d4-b49f-a76774cfeab2}</UniqueIdentifier>
    </Filter>
    <Filter Include="ソース ファイル\Polygon\Model">
      <UniqueIdentifier>{d93ab9ce-b774-4f3b-8f72-2d7f227eac1c}</UniqueIdentifier>
    </Filter>
    <Filter Include="ソース ファイル\Polygon\Sprite">
      <UniqueIdentifier>{0c378918-b201-4320-920c-14851d23e628}</UniqueIdentifier>
    </Filter>
    <Filter Include="ヘッダー ファイル\Polygon">
      <UniqueIdentifier>{7b218495-b040-417e-af70-298215efc2a7}</UniqueIdentifier>
    </Filter>
    <Filter Include="ヘッダー ファイル\Polygon\Model">
      <UniqueIdentifier>{a0ba9d8c-6fac-403e-ab43-6e307db8746b}</UniqueIdentifier>
    </Filter>
    <Filter Include="ヘッダー ファイル\Polygon\Sprite">
      <UniqueIdentifier>{d2e0d8ef-9ab0-4977-803b-b6bfe25a84ef}</UniqueIdentifier>
    </Filter>
    <Filter Include="ソース ファイル\Objects">
      <UniqueIdentifier>{46a3142b-5686-494a-acf1-f872d8947c12}</UniqueIdentifier>
    </Filter>
    <Filter Include="ヘッダー ファイル\Objects">
      <UniqueIdentifier>{557dd1c3-f5e4-4ef1-9e36-c96599e646ec}</UniqueIdentifier>
    </Filter>
    <Filter Include="ソース ファイル\Objects\Character">
      <UniqueIdentifier>{81b18c29-422d-4d94-a138-7f976923e48b}</UniqueIdentifier>
    </Filter>
    <Filter Include="ヘッダー ファイル\Objects\Character">
      <UniqueIdentifier>{dc906bbf-865f-4fbb-aede-0a827fc33e17}</UniqueIdentifier>
    </Filter>
    <Filter Include="ソース ファイル\Objects\Character\GunBehave">
      <UniqueIdentifier>{bd9cd703-1dd0-479c-902c-f4bddfca50f2}</UniqueIdentifier>
    </Filter>
    <Filter Include="ヘッダー ファイル\Objects\Character\GunBehave">
      <UniqueIdentifier>{0906e31b-5555-4d34-9674-a705b2074d8c}</UniqueIdentifier>
    </Filter>
    <Filter Include="ソース ファイル\Objects\Effect">
      <UniqueIdentifier>{4fec88b0-e274-442f-a63f-1707e3ceb6ec}</UniqueIdentifier>
    </Filter>
    <Filter Include="ヘッダー ファイル\Objects\Effect">
      <UniqueIdentifier>{8f9b478b-d8e7-480f-991c-7cb805ee80bf}</UniqueIdentifier>
    </Filter>
    <Filter Include="ソース ファイル\Objects\BackGround">
      <UniqueIdentifier>{c9823ce2-e1be-4377-aa0d-5f857087f5d5}</UniqueIdentifier>
    </Filter>
    <Filter Include="ヘッダー ファイル\Objects\BackGround">
      <UniqueIdentifier>{a28135cf-f63f-4222-adc8-f30858ac49c3}</UniqueIdentifier>
    </Filter>
  </ItemGroup>
  <ItemGroup>
    <ClCompile Include="Sources\System\DeviceManager.cpp">
      <Filter>ソース ファイル\System</Filter>
    </ClCompile>
    <ClCompile Include="Sources\System\Main.cpp">
      <Filter>ソース ファイル\System</Filter>
    </ClCompile>
    <ClCompile Include="Sources\Scenes\SceneController.cpp">
      <Filter>ソース ファイル\Scenes</Filter>
    </ClCompile>
    <ClCompile Include="Sources\Scenes\BaseScene.cpp">
      <Filter>ソース ファイル\Scenes</Filter>
    </ClCompile>
    <ClCompile Include="Sources\System\InputController.cpp">
      <Filter>ソース ファイル\System</Filter>
    </ClCompile>
    <ClCompile Include="Sources\Scenes\Title\Title.cpp">
      <Filter>ソース ファイル\Scenes\Title</Filter>
    </ClCompile>
    <ClCompile Include="Sources\Shader\SpriteShader.cpp">
      <Filter>ソース ファイル\Shader</Filter>
    </ClCompile>
    <ClCompile Include="Sources\Shader\ModelShader.cpp">
      <Filter>ソース ファイル\Shader</Filter>
    </ClCompile>
    <ClCompile Include="Sources\Polygon\Sprite\Sprite.cpp">
      <Filter>ソース ファイル\Polygon\Sprite</Filter>
    </ClCompile>
    <ClCompile Include="Sources\Polygon\Model\BaseModel.cpp">
      <Filter>ソース ファイル\Polygon\Model</Filter>
    </ClCompile>
    <ClCompile Include="Sources\Polygon\Model\FbxModel.cpp">
      <Filter>ソース ファイル\Polygon\Model</Filter>
    </ClCompile>
    <ClCompile Include="Sources\Polygon\Model\PolygonModel.cpp">
      <Filter>ソース ファイル\Polygon\Model</Filter>
    </ClCompile>
    <ClCompile Include="Sources\Polygon\ObjectManager.cpp">
      <Filter>ソース ファイル\Polygon</Filter>
    </ClCompile>
    <ClCompile Include="Sources\Scenes\Battle\Battle.cpp">
      <Filter>ソース ファイル\Scenes\Battle</Filter>
    </ClCompile>
    <ClCompile Include="Sources\Objects\BaseObject.cpp">
      <Filter>ソース ファイル\Objects</Filter>
    </ClCompile>
    <ClCompile Include="Sources\Objects\Character\BaseCharacter.cpp">
      <Filter>ソース ファイル\Objects\Character</Filter>
    </ClCompile>
    <ClCompile Include="Sources\Objects\Character\GunBreaker.cpp">
      <Filter>ソース ファイル\Objects\Character</Filter>
    </ClCompile>
    <ClCompile Include="Sources\Objects\Character\GunBehave\GunWait.cpp">
      <Filter>ソース ファイル\Objects\Character\GunBehave</Filter>
    </ClCompile>
    <ClCompile Include="Sources\Objects\Character\GunBehave\GunBehave.cpp">
      <Filter>ソース ファイル\Objects\Character\GunBehave</Filter>
    </ClCompile>
    <ClCompile Include="Sources\Objects\Character\GunBehave\GunDash.cpp">
      <Filter>ソース ファイル\Objects\Character\GunBehave</Filter>
    </ClCompile>
    <ClCompile Include="Sources\Objects\Character\GunBehave\GunJump.cpp">
      <Filter>ソース ファイル\Objects\Character\GunBehave</Filter>
    </ClCompile>
    <ClCompile Include="Sources\Objects\Character\GunBehave\GunBread1.cpp">
      <Filter>ソース ファイル\Objects\Character\GunBehave</Filter>
    </ClCompile>
    <ClCompile Include="Sources\Objects\Character\GunBehave\GunFall.cpp">
      <Filter>ソース ファイル\Objects\Character\GunBehave</Filter>
    </ClCompile>
    <ClCompile Include="Sources\Objects\Character\GunBehave\GunGun1.cpp">
      <Filter>ソース ファイル\Objects\Character\GunBehave</Filter>
    </ClCompile>
    <ClCompile Include="Sources\Objects\Character\GunBehave\GunRun.cpp">
      <Filter>ソース ファイル\Objects\Character\GunBehave</Filter>
    </ClCompile>
    <ClCompile Include="Sources\System\Timer.cpp">
      <Filter>ソース ファイル\System</Filter>
    </ClCompile>
    <ClCompile Include="Sources\Objects\Character\GunBehave\GunBread2.cpp">
      <Filter>ソース ファイル\Objects\Character\GunBehave</Filter>
    </ClCompile>
    <ClCompile Include="Sources\Objects\Character\GunBehave\GunBread3.cpp">
      <Filter>ソース ファイル\Objects\Character\GunBehave</Filter>
    </ClCompile>
    <ClCompile Include="Sources\Objects\Character\GunBehave\GunGun2.cpp">
      <Filter>ソース ファイル\Objects\Character\GunBehave</Filter>
    </ClCompile>
    <ClCompile Include="Sources\Objects\Character\GunBehave\GunGun3.cpp">
      <Filter>ソース ファイル\Objects\Character\GunBehave</Filter>
    </ClCompile>
    <ClCompile Include="Sources\Objects\Character\GunBehave\ShiftBread1.cpp">
      <Filter>ソース ファイル\Objects\Character\GunBehave</Filter>
    </ClCompile>
    <ClCompile Include="Sources\Objects\Character\GunBehave\ShiftBread2.cpp">
      <Filter>ソース ファイル\Objects\Character\GunBehave</Filter>
    </ClCompile>
    <ClCompile Include="Sources\Objects\Character\GunBehave\ShiftGun1.cpp">
      <Filter>ソース ファイル\Objects\Character\GunBehave</Filter>
    </ClCompile>
    <ClCompile Include="Sources\Objects\Character\GunBehave\ShiftGun2.cpp">
      <Filter>ソース ファイル\Objects\Character\GunBehave</Filter>
    </ClCompile>
    <ClCompile Include="Sources\Objects\Character\SpaceBoss.cpp">
      <Filter>ソース ファイル\Objects\Character</Filter>
    </ClCompile>
    <ClCompile Include="Sources\Objects\Effect\GunBreaker\EffectBread1.cpp">
      <Filter>ソース ファイル\Objects\Effect</Filter>
    </ClCompile>
    <ClCompile Include="Sources\Objects\Effect\BaseEffect.cpp">
      <Filter>ソース ファイル\Objects\Effect</Filter>
    </ClCompile>
    <ClCompile Include="Sources\Polygon\Sprite\OctagonSprite.cpp">
      <Filter>ソース ファイル\Polygon\Sprite</Filter>
    </ClCompile>
    <ClCompile Include="Sources\Polygon\Sprite\DefaultSprite.cpp">
      <Filter>ソース ファイル\Polygon\Sprite</Filter>
    </ClCompile>
    <ClCompile Include="Sources\Objects\BackGround\Space.cpp">
      <Filter>ソース ファイル\Objects\BackGround</Filter>
    </ClCompile>
    <ClCompile Include="Sources\Objects\Character\GunBehave\GunSpecial.cpp">
      <Filter>ソース ファイル\Objects\Character\GunBehave</Filter>
    </ClCompile>
    <ClCompile Include="Sources\Objects\Character\GunBehave\GunStep.cpp">
      <Filter>ソース ファイル\Objects\Character\GunBehave</Filter>
    </ClCompile>
    <ClCompile Include="Sources\Objects\Character\GunBehave\GunRecover.cpp">
      <Filter>ソース ファイル\Objects\Character\GunBehave</Filter>
    </ClCompile>
    <ClCompile Include="Sources\Objects\Character\GunBehave\GunDamaged.cpp">
      <Filter>ソース ファイル\Objects\Character\GunBehave</Filter>
    </ClCompile>
    <ClCompile Include="Sources\Objects\Effect\GunBreaker\EffectBread2.cpp">
      <Filter>ソース ファイル\Objects\Effect</Filter>
    </ClCompile>
    <ClCompile Include="Sources\Objects\Effect\SpaceBoss\BossBeam.cpp">
      <Filter>ソース ファイル\Objects\Effect</Filter>
    </ClCompile>
    <ClCompile Include="Sources\Objects\Effect\GunBreaker\EffectGun.cpp">
      <Filter>ソース ファイル\Objects\Effect</Filter>
    </ClCompile>
    <ClCompile Include="Sources\Objects\Effect\SpaceBoss\BossSlash.cpp">
      <Filter>ソース ファイル\Objects\Effect</Filter>
    </ClCompile>
    <ClCompile Include="Sources\Objects\Effect\GunBreaker\EffectSpecial.cpp">
      <Filter>ソース ファイル\Objects\Effect</Filter>
    </ClCompile>
    <ClCompile Include="Sources\Objects\Effect\GunBreaker\EffectChage.cpp">
      <Filter>ソース ファイル\Objects\Effect</Filter>
    </ClCompile>
    <ClCompile Include="Sources\Scenes\Camera.cpp">
      <Filter>ソース ファイル\Scenes</Filter>
    </ClCompile>
    <ClCompile Include="Sources\Objects\Effect\SpaceBoss\BossSan.cpp">
      <Filter>ソース ファイル\Objects\Effect</Filter>
    </ClCompile>
    <ClCompile Include="Sources\Objects\Effect\SpaceBoss\BossBeam2.cpp">
      <Filter>ソース ファイル\Objects\Effect</Filter>
    </ClCompile>
    <ClCompile Include="Sources\Objects\Character\SpaceBossAvatar.cpp">
      <Filter>ソース ファイル\Objects\Character</Filter>
    </ClCompile>
    <ClCompile Include="Sources\System\Sound.cpp">
      <Filter>ソース ファイル\System</Filter>
    </ClCompile>
  </ItemGroup>
  <ItemGroup>
    <ClInclude Include="Sources\System\DeviceManager.h">
      <Filter>ヘッダー ファイル\System</Filter>
    </ClInclude>
    <ClInclude Include="Sources\System\Resource.h">
      <Filter>ヘッダー ファイル\System</Filter>
    </ClInclude>
    <ClInclude Include="Sources\Scenes\SceneController.h">
      <Filter>ヘッダー ファイル\Scenes</Filter>
    </ClInclude>
    <ClInclude Include="Sources\Scenes\BaseScene.h">
      <Filter>ヘッダー ファイル\Scenes</Filter>
    </ClInclude>
    <ClInclude Include="Sources\System\InputController.h">
      <Filter>ヘッダー ファイル\System</Filter>
    </ClInclude>
    <ClInclude Include="Sources\Scenes\Title\Title.h">
      <Filter>ヘッダー ファイル\Scenes\Title</Filter>
    </ClInclude>
    <ClInclude Include="Sources\Shader\SpriteShader.h">
      <Filter>ヘッダー ファイル\Shader</Filter>
    </ClInclude>
    <ClInclude Include="Sources\Shader\ModelShader.h">
      <Filter>ヘッダー ファイル\Shader</Filter>
    </ClInclude>
    <ClInclude Include="Sources\Polygon\Model\BaseModel.h">
      <Filter>ヘッダー ファイル\Polygon\Model</Filter>
    </ClInclude>
    <ClInclude Include="Sources\Polygon\Model\FbxModel.h">
      <Filter>ヘッダー ファイル\Polygon\Model</Filter>
    </ClInclude>
    <ClInclude Include="Sources\Polygon\Model\PolygonModel.h">
      <Filter>ヘッダー ファイル\Polygon\Model</Filter>
    </ClInclude>
    <ClInclude Include="Sources\Polygon\Sprite\Sprite.h">
      <Filter>ヘッダー ファイル\Polygon\Sprite</Filter>
    </ClInclude>
    <ClInclude Include="Sources\Polygon\ObjectManager.h">
      <Filter>ヘッダー ファイル\Polygon</Filter>
    </ClInclude>
    <ClInclude Include="Sources\Scenes\Battle\Battle.h">
      <Filter>ヘッダー ファイル\Scenes\Battle</Filter>
    </ClInclude>
    <ClInclude Include="Sources\Objects\BaseObject.h">
      <Filter>ヘッダー ファイル\Objects</Filter>
    </ClInclude>
    <ClInclude Include="Sources\Objects\Character\BaseCharacter.h">
      <Filter>ヘッダー ファイル\Objects\Character</Filter>
    </ClInclude>
    <ClInclude Include="Sources\Objects\Character\GunBreaker.h">
      <Filter>ヘッダー ファイル\Objects\Character</Filter>
    </ClInclude>
    <ClInclude Include="Sources\Objects\Character\GunBehave\GunBehave.h">
      <Filter>ヘッダー ファイル\Objects\Character\GunBehave</Filter>
    </ClInclude>
    <ClInclude Include="Sources\Objects\Character\GunBehave\GunDash.h">
      <Filter>ヘッダー ファイル\Objects\Character\GunBehave</Filter>
    </ClInclude>
    <ClInclude Include="Sources\Objects\Character\GunBehave\GunWait.h">
      <Filter>ヘッダー ファイル\Objects\Character\GunBehave</Filter>
    </ClInclude>
    <ClInclude Include="Sources\Objects\Character\GunBehave\GunJump.h">
      <Filter>ヘッダー ファイル\Objects\Character\GunBehave</Filter>
    </ClInclude>
    <ClInclude Include="Sources\Objects\Character\GunBehave\GunBread1.h">
      <Filter>ヘッダー ファイル\Objects\Character\GunBehave</Filter>
    </ClInclude>
    <ClInclude Include="Sources\Objects\Character\GunBehave\GunFall.h">
      <Filter>ヘッダー ファイル\Objects\Character\GunBehave</Filter>
    </ClInclude>
    <ClInclude Include="Sources\Objects\Character\GunBehave\GunGun1.h">
      <Filter>ヘッダー ファイル\Objects\Character\GunBehave</Filter>
    </ClInclude>
    <ClInclude Include="Sources\Objects\Character\GunBehave\GunRun.h">
      <Filter>ヘッダー ファイル\Objects\Character\GunBehave</Filter>
    </ClInclude>
    <ClInclude Include="Sources\System\Timer.h">
      <Filter>ヘッダー ファイル\System</Filter>
    </ClInclude>
    <ClInclude Include="Sources\Objects\Character\GunBehave\GunBread2.h">
      <Filter>ヘッダー ファイル\Objects\Character\GunBehave</Filter>
    </ClInclude>
    <ClInclude Include="Sources\Objects\Character\GunBehave\GunBread3.h">
      <Filter>ヘッダー ファイル\Objects\Character\GunBehave</Filter>
    </ClInclude>
    <ClInclude Include="Sources\Objects\Character\GunBehave\GunGun2.h">
      <Filter>ヘッダー ファイル\Objects\Character\GunBehave</Filter>
    </ClInclude>
    <ClInclude Include="Sources\Objects\Character\GunBehave\GunGun3.h">
      <Filter>ヘッダー ファイル\Objects\Character\GunBehave</Filter>
    </ClInclude>
    <ClInclude Include="Sources\Objects\Character\GunBehave\ShiftBread1.h">
      <Filter>ヘッダー ファイル\Objects\Character\GunBehave</Filter>
    </ClInclude>
    <ClInclude Include="Sources\Objects\Character\GunBehave\ShiftBread2.h">
      <Filter>ヘッダー ファイル\Objects\Character\GunBehave</Filter>
    </ClInclude>
    <ClInclude Include="Sources\Objects\Character\GunBehave\ShiftGun1.h">
      <Filter>ヘッダー ファイル\Objects\Character\GunBehave</Filter>
    </ClInclude>
    <ClInclude Include="Sources\Objects\Character\GunBehave\ShiftGun2.h">
      <Filter>ヘッダー ファイル\Objects\Character\GunBehave</Filter>
    </ClInclude>
    <ClInclude Include="Sources\Objects\Character\SpaceBoss.h">
      <Filter>ヘッダー ファイル\Objects\Character</Filter>
    </ClInclude>
    <ClInclude Include="Sources\Objects\Effect\GunBreaker\EffectBread1.h">
      <Filter>ヘッダー ファイル\Objects\Effect</Filter>
    </ClInclude>
    <ClInclude Include="Sources\Objects\Effect\BaseEffect.h">
      <Filter>ヘッダー ファイル\Objects\Effect</Filter>
    </ClInclude>
    <ClInclude Include="Sources\Polygon\Sprite\OctagonSprite.h">
      <Filter>ヘッダー ファイル\Polygon\Sprite</Filter>
    </ClInclude>
    <ClInclude Include="Sources\Polygon\Sprite\DefaultSprite.h">
      <Filter>ヘッダー ファイル\Polygon\Sprite</Filter>
    </ClInclude>
    <ClInclude Include="Sources\Objects\BackGround\Space.h">
      <Filter>ヘッダー ファイル\Objects\BackGround</Filter>
    </ClInclude>
    <ClInclude Include="Sources\Scenes\Camera.h">
      <Filter>ヘッダー ファイル\Scenes</Filter>
    </ClInclude>
    <ClInclude Include="Sources\Objects\Character\GunBehave\GunDameged.h">
      <Filter>ヘッダー ファイル\Objects\Character\GunBehave</Filter>
    </ClInclude>
    <ClInclude Include="Sources\Objects\Character\GunBehave\GunRecover.h">
      <Filter>ヘッダー ファイル\Objects\Character\GunBehave</Filter>
    </ClInclude>
    <ClInclude Include="Sources\Objects\Character\GunBehave\GunSpecial.h">
      <Filter>ヘッダー ファイル\Objects\Character\GunBehave</Filter>
    </ClInclude>
    <ClInclude Include="Sources\Objects\Character\GunBehave\GunStep.h">
      <Filter>ヘッダー ファイル\Objects\Character\GunBehave</Filter>
    </ClInclude>
    <ClInclude Include="Sources\Objects\Effect\GunBreaker\EffectBread2.h">
      <Filter>ヘッダー ファイル\Objects\Effect</Filter>
    </ClInclude>
    <ClInclude Include="Sources\Objects\Effect\SpaceBoss\BossBeam.h">
      <Filter>ヘッダー ファイル\Objects\Effect</Filter>
    </ClInclude>
    <ClInclude Include="Sources\Objects\Effect\GunBreaker\EffectGun.h">
      <Filter>ヘッダー ファイル\Objects\Effect</Filter>
    </ClInclude>
    <ClInclude Include="Sources\Objects\Effect\SpaceBoss\BossSlash.h">
      <Filter>ヘッダー ファイル\Objects\Effect</Filter>
    </ClInclude>
    <ClInclude Include="Sources\Objects\Effect\GunBreaker\EffectChage.h">
      <Filter>ヘッダー ファイル\Objects\Effect</Filter>
    </ClInclude>
    <ClInclude Include="Sources\Objects\Effect\GunBreaker\EffectSpecial.h">
      <Filter>ヘッダー ファイル\Objects\Effect</Filter>
    </ClInclude>
    <ClInclude Include="Sources\Objects\Effect\SpaceBoss\BossSan.h">
      <Filter>ヘッダー ファイル\Objects\Effect</Filter>
    </ClInclude>
    <ClInclude Include="Sources\Objects\Effect\SpaceBoss\BossBeam2.h">
      <Filter>ヘッダー ファイル\Objects\Effect</Filter>
    </ClInclude>
    <ClInclude Include="Sources\Objects\Character\SpaceBossAvatar.h">
      <Filter>ヘッダー ファイル\Objects\Character</Filter>
    </ClInclude>
    <ClInclude Include="Sources\System\Sound.h">
      <Filter>ヘッダー ファイル\System</Filter>
    </ClInclude>
  </ItemGroup>
</Project>